
Microsoft Visual Studio Solution File, Format Version 12.00
# Visual Studio 2012
Project("{FAE04EC0-301F-11D3-BF4B-00C04F79EFBC}") = "Mento.Tool.CodeGenerator", "Mento.Tool.CodeGenerator\Mento.Tool.CodeGenerator.csproj", "{629D54E4-E766-405E-A1A7-2663E8EDA739}"
EndProject
Global
	GlobalSection(SolutionConfigurationPlatforms) = preSolution
		Debug|Any CPU = Debug|Any CPU
		Release|Any CPU = Release|Any CPU
	EndGlobalSection
	GlobalSection(ProjectConfigurationPlatforms) = postSolution
		{629D54E4-E766-405E-A1A7-2663E8EDA739}.Debug|Any CPU.ActiveCfg = Debug|Any CPU
		{629D54E4-E766-405E-A1A7-2663E8EDA739}.Debug|Any CPU.Build.0 = Debug|Any CPU
		{629D54E4-E766-405E-A1A7-2663E8EDA739}.Release|Any CPU.ActiveCfg = Release|Any CPU
		{629D54E4-E766-405E-A1A7-2663E8EDA739}.Release|Any CPU.Build.0 = Release|Any CPU
	EndGlobalSection
	GlobalSection(SolutionProperties) = preSolution
		HideSolutionNode = FALSE
	EndGlobalSection
EndGlobal
