
Microsoft Visual Studio Solution File, Format Version 11.00
# Visual Studio 2010
Project("{2150E333-8FDC-42A3-9474-1A3956D46DE8}") = "Application", "Application", "{D7315124-9436-4D10-9546-2E16C1BA6517}"
EndProject
Project("{2150E333-8FDC-42A3-9474-1A3956D46DE8}") = "Business", "Business", "{F413892C-6707-4060-AE09-B784FFA70D6B}"
EndProject
Project("{2150E333-8FDC-42A3-9474-1A3956D46DE8}") = "Api", "Api", "{0764FCE0-47BA-45AE-A02F-0E89BDFE1F95}"
EndProject
Project("{FAE04EC0-301F-11D3-BF4B-00C04F79EFBC}") = "App", "Application\App\App.csproj", "{001B2957-AE36-4870-BB76-2C7AF663A040}"
EndProject
Project("{2150E333-8FDC-42A3-9474-1A3956D46DE8}") = "Common", "Common", "{139C7F94-FEBA-42E4-99DF-F3C587A1A1D9}"
EndProject
Project("{FAE04EC0-301F-11D3-BF4B-00C04F79EFBC}") = "Mento.Framework", "Common\Mento.Framework\Mento.Framework.csproj", "{12D162B3-1ED8-4854-A7F0-C68EE94B8317}"
EndProject
Project("{FAE04EC0-301F-11D3-BF4B-00C04F79EFBC}") = "Mento.Utility", "Common\Mento.Utility\Mento.Utility.csproj", "{C3EC8BE0-F643-4126-9CE6-DEB029AE1564}"
EndProject
Project("{FAE04EC0-301F-11D3-BF4B-00C04F79EFBC}") = "Mento.Business.Script", "Business\Mento.Business.Case\Mento.Business.Script.csproj", "{9B7F3CC7-6C21-4EE4-8FAB-AD62C17DCD1E}"
EndProject
Project("{FAE04EC0-301F-11D3-BF4B-00C04F79EFBC}") = "Mento.Business.Plan", "Business\Mento.Business.Plan\Mento.Business.Plan.csproj", "{AA90ABC5-A233-40FC-A1D0-DC1DED2431BB}"
EndProject
Project("{FAE04EC0-301F-11D3-BF4B-00C04F79EFBC}") = "Mento.TestApi.WebUserInterface", "Api\Mento.TestApi.WebUserInterface\Mento.TestApi.WebUserInterface.csproj", "{FCBEFBBD-AD47-4C0C-8A56-773B0B328EDD}"
EndProject
Project("{FAE04EC0-301F-11D3-BF4B-00C04F79EFBC}") = "Mento.TestApi.Data", "Api\Mento.TestApi.Data\Mento.TestApi.Data.csproj", "{1B28E716-BD3F-403B-835B-076C5A788558}"
EndProject
Project("{FAE04EC0-301F-11D3-BF4B-00C04F79EFBC}") = "Mento.TestApi.Service", "Api\Mento.TestApi.Service\Mento.TestApi.Service.csproj", "{CC7DBD2D-66C0-4155-BDDB-2D153C23788B}"
EndProject
Project("{FAE04EC0-301F-11D3-BF4B-00C04F79EFBC}") = "App.CommandAnalysis", "Application\App.CommandAnalysis\App.CommandAnalysis.csproj", "{547B9D48-7C01-4D0D-9B84-C791DB9E31C8}"
EndProject
Project("{FAE04EC0-301F-11D3-BF4B-00C04F79EFBC}") = "App.Controllers", "Application\App.Controllers\App.Controllers.csproj", "{F2D5E614-DA62-4075-80CE-A47DD00F6A1C}"
EndProject
Project("{2150E333-8FDC-42A3-9474-1A3956D46DE8}") = "UnitTest", "UnitTest", "{2E3A39E4-C0B4-426B-81D5-396210B3E5C8}"
EndProject
Project("{2150E333-8FDC-42A3-9474-1A3956D46DE8}") = "Solution Items", "Solution Items", "{03CC033D-9676-4B82-B785-BBA9F8CAE38B}"
	ProjectSection(SolutionItems) = preProject
		Local.testsettings = Local.testsettings
		Mento.vsmdi = Mento.vsmdi
		TraceAndTestImpact.testsettings = TraceAndTestImpact.testsettings
	EndProjectSection
EndProject
Project("{FAE04EC0-301F-11D3-BF4B-00C04F79EFBC}") = "Mento.Business.Plan.Test", "..\UnitTest\Mento.Business.Plan.Test\Mento.Business.Plan.Test.csproj", "{69172FBE-1356-43B9-A002-3828009509AB}"
EndProject
Project("{FAE04EC0-301F-11D3-BF4B-00C04F79EFBC}") = "Mento.Business.Script.Test", "..\UnitTest\Mento.Business.Case.Test\Mento.Business.Script.Test.csproj", "{257AC1FF-EDB3-4BD4-ABB3-17A0269EBDD2}"
EndProject
Project("{FAE04EC0-301F-11D3-BF4B-00C04F79EFBC}") = "Mento.App.Command.Test", "..\UnitTest\Mento.App.Command.Test\Mento.App.Command.Test.csproj", "{9E76C812-99BA-49BD-96CD-6608EE37371B}"
EndProject
Project("{FAE04EC0-301F-11D3-BF4B-00C04F79EFBC}") = "Mento.App.Test", "..\UnitTest\Mento.App.Test\Mento.App.Test.csproj", "{7459AD4B-BFF8-4C4B-B372-14056A4E10C5}"
EndProject
Project("{FAE04EC0-301F-11D3-BF4B-00C04F79EFBC}") = "Mento.TestApi.TestData", "Api\Mento.TestApi.TestData\Mento.TestApi.TestData.csproj", "{2076AF41-49F1-4C46-AF54-B21ED42B07C3}"
EndProject
Global
	GlobalSection(TeamFoundationVersionControl) = preSolution
		SccNumberOfProjects = 16
		SccEnterpriseProvider = {4CA58AB2-18FA-4F8D-95D4-32DDF27D184C}
		SccTeamFoundationServer = http://10.177.1.111:8080/tfs/kara
		SccLocalPath0 = .
		SccProjectUniqueName1 = Application\\App\\App.csproj
		SccProjectTopLevelParentUniqueName1 = Mento.sln
		SccProjectName1 = Application/App
		SccLocalPath1 = Application\\App
		SccProjectUniqueName2 = Common\\Mento.Framework\\Mento.Framework.csproj
		SccProjectTopLevelParentUniqueName2 = Mento.sln
		SccProjectName2 = Common/Mento.Framework
		SccLocalPath2 = Common\\Mento.Framework
		SccProjectUniqueName3 = Common\\Mento.Utility\\Mento.Utility.csproj
		SccProjectTopLevelParentUniqueName3 = Mento.sln
		SccProjectName3 = Common/Mento.Utility
		SccLocalPath3 = Common\\Mento.Utility
		SccProjectUniqueName4 = Business\\Mento.Business.Plan\\Mento.Business.Plan.csproj
		SccProjectTopLevelParentUniqueName4 = Mento.sln
		SccProjectName4 = Business/Mento.Business.Plan
		SccLocalPath4 = Business\\Mento.Business.Plan
		SccProjectUniqueName5 = Api\\Mento.TestApi.WebUserInterface\\Mento.TestApi.WebUserInterface.csproj
		SccProjectTopLevelParentUniqueName5 = Mento.sln
		SccProjectName5 = Api/Mento.TestApi.WebUserInterface
		SccLocalPath5 = Api\\Mento.TestApi.WebUserInterface
		SccProjectUniqueName6 = Api\\Mento.TestApi.Data\\Mento.TestApi.Data.csproj
		SccProjectTopLevelParentUniqueName6 = Mento.sln
		SccProjectName6 = Api/Mento.TestApi.Data
		SccLocalPath6 = Api\\Mento.TestApi.Data
		SccProjectUniqueName7 = Api\\Mento.TestApi.Service\\Mento.TestApi.Service.csproj
		SccProjectTopLevelParentUniqueName7 = Mento.sln
		SccProjectName7 = Api/Mento.TestApi.Service
		SccLocalPath7 = Api\\Mento.TestApi.Service
		SccProjectUniqueName8 = Application\\App.CommandAnalysis\\App.CommandAnalysis.csproj
		SccProjectTopLevelParentUniqueName8 = Mento.sln
		SccProjectName8 = Application/App.CommandAnalysis
		SccLocalPath8 = Application\\App.CommandAnalysis
		SccProjectUniqueName9 = Application\\App.Controllers\\App.Controllers.csproj
		SccProjectTopLevelParentUniqueName9 = Mento.sln
		SccProjectName9 = Application/App.Controllers
		SccLocalPath9 = Application\\App.Controllers
		SccProjectUniqueName10 = ..\\UnitTest\\Mento.Business.Plan.Test\\Mento.Business.Plan.Test.csproj
		SccProjectTopLevelParentUniqueName10 = Mento.sln
		SccProjectName10 = ../UnitTest/Mento.Business.Plan.Test
		SccLocalPath10 = ..\\UnitTest\\Mento.Business.Plan.Test
		SccProjectUniqueName11 = ..\\UnitTest\\Mento.App.Command.Test\\Mento.App.Command.Test.csproj
		SccProjectTopLevelParentUniqueName11 = Mento.sln
		SccProjectName11 = ../UnitTest/Mento.App.Command.Test
		SccLocalPath11 = ..\\UnitTest\\Mento.App.Command.Test
		SccProjectUniqueName12 = ..\\UnitTest\\Mento.App.Test\\Mento.App.Test.csproj
		SccProjectTopLevelParentUniqueName12 = Mento.sln
		SccProjectName12 = ../UnitTest/Mento.App.Test
		SccLocalPath12 = ..\\UnitTest\\Mento.App.Test
		SccProjectUniqueName13 = Business\\Mento.Business.Case\\Mento.Business.Script.csproj
		SccProjectTopLevelParentUniqueName13 = Mento.sln
		SccProjectName13 = Business/Mento.Business.Case
		SccLocalPath13 = Business\\Mento.Business.Case
		SccProjectUniqueName14 = ..\\UnitTest\\Mento.Business.Case.Test\\Mento.Business.Script.Test.csproj
		SccProjectTopLevelParentUniqueName14 = Mento.sln
		SccProjectName14 = ../UnitTest/Mento.Business.Case.Test
		SccLocalPath14 = ..\\UnitTest\\Mento.Business.Case.Test
		SccProjectUniqueName15 = Api\\Mento.TestApi.TestData\\Mento.TestApi.TestData.csproj
		SccProjectTopLevelParentUniqueName15 = Mento.sln
		SccProjectName15 = Api/Mento.TestApi.TestData
		SccLocalPath15 = Api\\Mento.TestApi.TestData
	EndGlobalSection
	GlobalSection(TestCaseManagementSettings) = postSolution
		CategoryFile = Mento.vsmdi
	EndGlobalSection
	GlobalSection(SolutionConfigurationPlatforms) = preSolution
		Debug|Any CPU = Debug|Any CPU
		Debug|Mixed Platforms = Debug|Mixed Platforms
		Debug|x86 = Debug|x86
		Release|Any CPU = Release|Any CPU
		Release|Mixed Platforms = Release|Mixed Platforms
		Release|x86 = Release|x86
	EndGlobalSection
	GlobalSection(ProjectConfigurationPlatforms) = postSolution
		{001B2957-AE36-4870-BB76-2C7AF663A040}.Debug|Any CPU.ActiveCfg = Debug|x86
		{001B2957-AE36-4870-BB76-2C7AF663A040}.Debug|Mixed Platforms.ActiveCfg = Debug|x86
		{001B2957-AE36-4870-BB76-2C7AF663A040}.Debug|Mixed Platforms.Build.0 = Debug|x86
		{001B2957-AE36-4870-BB76-2C7AF663A040}.Debug|x86.ActiveCfg = Debug|x86
		{001B2957-AE36-4870-BB76-2C7AF663A040}.Debug|x86.Build.0 = Debug|x86
		{001B2957-AE36-4870-BB76-2C7AF663A040}.Release|Any CPU.ActiveCfg = Release|x86
		{001B2957-AE36-4870-BB76-2C7AF663A040}.Release|Mixed Platforms.ActiveCfg = Release|x86
		{001B2957-AE36-4870-BB76-2C7AF663A040}.Release|Mixed Platforms.Build.0 = Release|x86
		{001B2957-AE36-4870-BB76-2C7AF663A040}.Release|x86.ActiveCfg = Release|x86
		{001B2957-AE36-4870-BB76-2C7AF663A040}.Release|x86.Build.0 = Release|x86
		{12D162B3-1ED8-4854-A7F0-C68EE94B8317}.Debug|Any CPU.ActiveCfg = Debug|Any CPU
		{12D162B3-1ED8-4854-A7F0-C68EE94B8317}.Debug|Any CPU.Build.0 = Debug|Any CPU
		{12D162B3-1ED8-4854-A7F0-C68EE94B8317}.Debug|Mixed Platforms.ActiveCfg = Debug|Any CPU
		{12D162B3-1ED8-4854-A7F0-C68EE94B8317}.Debug|Mixed Platforms.Build.0 = Debug|Any CPU
		{12D162B3-1ED8-4854-A7F0-C68EE94B8317}.Debug|x86.ActiveCfg = Debug|Any CPU
		{12D162B3-1ED8-4854-A7F0-C68EE94B8317}.Release|Any CPU.ActiveCfg = Release|Any CPU
		{12D162B3-1ED8-4854-A7F0-C68EE94B8317}.Release|Any CPU.Build.0 = Release|Any CPU
		{12D162B3-1ED8-4854-A7F0-C68EE94B8317}.Release|Mixed Platforms.ActiveCfg = Release|Any CPU
		{12D162B3-1ED8-4854-A7F0-C68EE94B8317}.Release|Mixed Platforms.Build.0 = Release|Any CPU
		{12D162B3-1ED8-4854-A7F0-C68EE94B8317}.Release|x86.ActiveCfg = Release|Any CPU
		{C3EC8BE0-F643-4126-9CE6-DEB029AE1564}.Debug|Any CPU.ActiveCfg = Debug|Any CPU
		{C3EC8BE0-F643-4126-9CE6-DEB029AE1564}.Debug|Any CPU.Build.0 = Debug|Any CPU
		{C3EC8BE0-F643-4126-9CE6-DEB029AE1564}.Debug|Mixed Platforms.ActiveCfg = Debug|Any CPU
		{C3EC8BE0-F643-4126-9CE6-DEB029AE1564}.Debug|Mixed Platforms.Build.0 = Debug|Any CPU
		{C3EC8BE0-F643-4126-9CE6-DEB029AE1564}.Debug|x86.ActiveCfg = Debug|Any CPU
		{C3EC8BE0-F643-4126-9CE6-DEB029AE1564}.Release|Any CPU.ActiveCfg = Release|Any CPU
		{C3EC8BE0-F643-4126-9CE6-DEB029AE1564}.Release|Any CPU.Build.0 = Release|Any CPU
		{C3EC8BE0-F643-4126-9CE6-DEB029AE1564}.Release|Mixed Platforms.ActiveCfg = Release|Any CPU
		{C3EC8BE0-F643-4126-9CE6-DEB029AE1564}.Release|Mixed Platforms.Build.0 = Release|Any CPU
		{C3EC8BE0-F643-4126-9CE6-DEB029AE1564}.Release|x86.ActiveCfg = Release|Any CPU
		{9B7F3CC7-6C21-4EE4-8FAB-AD62C17DCD1E}.Debug|Any CPU.ActiveCfg = Debug|Any CPU
		{9B7F3CC7-6C21-4EE4-8FAB-AD62C17DCD1E}.Debug|Any CPU.Build.0 = Debug|Any CPU
		{9B7F3CC7-6C21-4EE4-8FAB-AD62C17DCD1E}.Debug|Mixed Platforms.ActiveCfg = Debug|Any CPU
		{9B7F3CC7-6C21-4EE4-8FAB-AD62C17DCD1E}.Debug|Mixed Platforms.Build.0 = Debug|Any CPU
		{9B7F3CC7-6C21-4EE4-8FAB-AD62C17DCD1E}.Debug|x86.ActiveCfg = Debug|Any CPU
		{9B7F3CC7-6C21-4EE4-8FAB-AD62C17DCD1E}.Release|Any CPU.ActiveCfg = Release|Any CPU
		{9B7F3CC7-6C21-4EE4-8FAB-AD62C17DCD1E}.Release|Any CPU.Build.0 = Release|Any CPU
		{9B7F3CC7-6C21-4EE4-8FAB-AD62C17DCD1E}.Release|Mixed Platforms.ActiveCfg = Release|Any CPU
		{9B7F3CC7-6C21-4EE4-8FAB-AD62C17DCD1E}.Release|Mixed Platforms.Build.0 = Release|Any CPU
		{9B7F3CC7-6C21-4EE4-8FAB-AD62C17DCD1E}.Release|x86.ActiveCfg = Release|Any CPU
		{AA90ABC5-A233-40FC-A1D0-DC1DED2431BB}.Debug|Any CPU.ActiveCfg = Debug|Any CPU
		{AA90ABC5-A233-40FC-A1D0-DC1DED2431BB}.Debug|Any CPU.Build.0 = Debug|Any CPU
		{AA90ABC5-A233-40FC-A1D0-DC1DED2431BB}.Debug|Mixed Platforms.ActiveCfg = Debug|Any CPU
		{AA90ABC5-A233-40FC-A1D0-DC1DED2431BB}.Debug|Mixed Platforms.Build.0 = Debug|Any CPU
		{AA90ABC5-A233-40FC-A1D0-DC1DED2431BB}.Debug|x86.ActiveCfg = Debug|Any CPU
		{AA90ABC5-A233-40FC-A1D0-DC1DED2431BB}.Release|Any CPU.ActiveCfg = Release|Any CPU
		{AA90ABC5-A233-40FC-A1D0-DC1DED2431BB}.Release|Any CPU.Build.0 = Release|Any CPU
		{AA90ABC5-A233-40FC-A1D0-DC1DED2431BB}.Release|Mixed Platforms.ActiveCfg = Release|Any CPU
		{AA90ABC5-A233-40FC-A1D0-DC1DED2431BB}.Release|Mixed Platforms.Build.0 = Release|Any CPU
		{AA90ABC5-A233-40FC-A1D0-DC1DED2431BB}.Release|x86.ActiveCfg = Release|Any CPU
		{FCBEFBBD-AD47-4C0C-8A56-773B0B328EDD}.Debug|Any CPU.ActiveCfg = Debug|Any CPU
		{FCBEFBBD-AD47-4C0C-8A56-773B0B328EDD}.Debug|Any CPU.Build.0 = Debug|Any CPU
		{FCBEFBBD-AD47-4C0C-8A56-773B0B328EDD}.Debug|Mixed Platforms.ActiveCfg = Debug|Any CPU
		{FCBEFBBD-AD47-4C0C-8A56-773B0B328EDD}.Debug|Mixed Platforms.Build.0 = Debug|Any CPU
		{FCBEFBBD-AD47-4C0C-8A56-773B0B328EDD}.Debug|x86.ActiveCfg = Debug|Any CPU
		{FCBEFBBD-AD47-4C0C-8A56-773B0B328EDD}.Release|Any CPU.ActiveCfg = Release|Any CPU
		{FCBEFBBD-AD47-4C0C-8A56-773B0B328EDD}.Release|Any CPU.Build.0 = Release|Any CPU
		{FCBEFBBD-AD47-4C0C-8A56-773B0B328EDD}.Release|Mixed Platforms.ActiveCfg = Release|Any CPU
		{FCBEFBBD-AD47-4C0C-8A56-773B0B328EDD}.Release|Mixed Platforms.Build.0 = Release|Any CPU
		{FCBEFBBD-AD47-4C0C-8A56-773B0B328EDD}.Release|x86.ActiveCfg = Release|Any CPU
		{1B28E716-BD3F-403B-835B-076C5A788558}.Debug|Any CPU.ActiveCfg = Debug|Any CPU
		{1B28E716-BD3F-403B-835B-076C5A788558}.Debug|Any CPU.Build.0 = Debug|Any CPU
		{1B28E716-BD3F-403B-835B-076C5A788558}.Debug|Mixed Platforms.ActiveCfg = Debug|Any CPU
		{1B28E716-BD3F-403B-835B-076C5A788558}.Debug|Mixed Platforms.Build.0 = Debug|Any CPU
		{1B28E716-BD3F-403B-835B-076C5A788558}.Debug|x86.ActiveCfg = Debug|Any CPU
		{1B28E716-BD3F-403B-835B-076C5A788558}.Release|Any CPU.ActiveCfg = Release|Any CPU
		{1B28E716-BD3F-403B-835B-076C5A788558}.Release|Any CPU.Build.0 = Release|Any CPU
		{1B28E716-BD3F-403B-835B-076C5A788558}.Release|Mixed Platforms.ActiveCfg = Release|Any CPU
		{1B28E716-BD3F-403B-835B-076C5A788558}.Release|Mixed Platforms.Build.0 = Release|Any CPU
		{1B28E716-BD3F-403B-835B-076C5A788558}.Release|x86.ActiveCfg = Release|Any CPU
		{CC7DBD2D-66C0-4155-BDDB-2D153C23788B}.Debug|Any CPU.ActiveCfg = Debug|Any CPU
		{CC7DBD2D-66C0-4155-BDDB-2D153C23788B}.Debug|Any CPU.Build.0 = Debug|Any CPU
		{CC7DBD2D-66C0-4155-BDDB-2D153C23788B}.Debug|Mixed Platforms.ActiveCfg = Debug|Any CPU
		{CC7DBD2D-66C0-4155-BDDB-2D153C23788B}.Debug|Mixed Platforms.Build.0 = Debug|Any CPU
		{CC7DBD2D-66C0-4155-BDDB-2D153C23788B}.Debug|x86.ActiveCfg = Debug|Any CPU
		{CC7DBD2D-66C0-4155-BDDB-2D153C23788B}.Release|Any CPU.ActiveCfg = Release|Any CPU
		{CC7DBD2D-66C0-4155-BDDB-2D153C23788B}.Release|Any CPU.Build.0 = Release|Any CPU
		{CC7DBD2D-66C0-4155-BDDB-2D153C23788B}.Release|Mixed Platforms.ActiveCfg = Release|Any CPU
		{CC7DBD2D-66C0-4155-BDDB-2D153C23788B}.Release|Mixed Platforms.Build.0 = Release|Any CPU
		{CC7DBD2D-66C0-4155-BDDB-2D153C23788B}.Release|x86.ActiveCfg = Release|Any CPU
		{547B9D48-7C01-4D0D-9B84-C791DB9E31C8}.Debug|Any CPU.ActiveCfg = Debug|Any CPU
		{547B9D48-7C01-4D0D-9B84-C791DB9E31C8}.Debug|Any CPU.Build.0 = Debug|Any CPU
		{547B9D48-7C01-4D0D-9B84-C791DB9E31C8}.Debug|Mixed Platforms.ActiveCfg = Debug|Any CPU
		{547B9D48-7C01-4D0D-9B84-C791DB9E31C8}.Debug|Mixed Platforms.Build.0 = Debug|Any CPU
		{547B9D48-7C01-4D0D-9B84-C791DB9E31C8}.Debug|x86.ActiveCfg = Debug|Any CPU
		{547B9D48-7C01-4D0D-9B84-C791DB9E31C8}.Release|Any CPU.ActiveCfg = Release|Any CPU
		{547B9D48-7C01-4D0D-9B84-C791DB9E31C8}.Release|Any CPU.Build.0 = Release|Any CPU
		{547B9D48-7C01-4D0D-9B84-C791DB9E31C8}.Release|Mixed Platforms.ActiveCfg = Release|Any CPU
		{547B9D48-7C01-4D0D-9B84-C791DB9E31C8}.Release|Mixed Platforms.Build.0 = Release|Any CPU
		{547B9D48-7C01-4D0D-9B84-C791DB9E31C8}.Release|x86.ActiveCfg = Release|Any CPU
		{F2D5E614-DA62-4075-80CE-A47DD00F6A1C}.Debug|Any CPU.ActiveCfg = Debug|Any CPU
		{F2D5E614-DA62-4075-80CE-A47DD00F6A1C}.Debug|Any CPU.Build.0 = Debug|Any CPU
		{F2D5E614-DA62-4075-80CE-A47DD00F6A1C}.Debug|Mixed Platforms.ActiveCfg = Debug|Any CPU
		{F2D5E614-DA62-4075-80CE-A47DD00F6A1C}.Debug|Mixed Platforms.Build.0 = Debug|Any CPU
		{F2D5E614-DA62-4075-80CE-A47DD00F6A1C}.Debug|x86.ActiveCfg = Debug|Any CPU
		{F2D5E614-DA62-4075-80CE-A47DD00F6A1C}.Release|Any CPU.ActiveCfg = Release|Any CPU
		{F2D5E614-DA62-4075-80CE-A47DD00F6A1C}.Release|Any CPU.Build.0 = Release|Any CPU
		{F2D5E614-DA62-4075-80CE-A47DD00F6A1C}.Release|Mixed Platforms.ActiveCfg = Release|Any CPU
		{F2D5E614-DA62-4075-80CE-A47DD00F6A1C}.Release|Mixed Platforms.Build.0 = Release|Any CPU
		{F2D5E614-DA62-4075-80CE-A47DD00F6A1C}.Release|x86.ActiveCfg = Release|Any CPU
		{69172FBE-1356-43B9-A002-3828009509AB}.Debug|Any CPU.ActiveCfg = Debug|Any CPU
		{69172FBE-1356-43B9-A002-3828009509AB}.Debug|Any CPU.Build.0 = Debug|Any CPU
		{69172FBE-1356-43B9-A002-3828009509AB}.Debug|Mixed Platforms.ActiveCfg = Debug|Any CPU
		{69172FBE-1356-43B9-A002-3828009509AB}.Debug|Mixed Platforms.Build.0 = Debug|Any CPU
		{69172FBE-1356-43B9-A002-3828009509AB}.Debug|x86.ActiveCfg = Debug|Any CPU
		{69172FBE-1356-43B9-A002-3828009509AB}.Release|Any CPU.ActiveCfg = Release|Any CPU
		{69172FBE-1356-43B9-A002-3828009509AB}.Release|Any CPU.Build.0 = Release|Any CPU
		{69172FBE-1356-43B9-A002-3828009509AB}.Release|Mixed Platforms.ActiveCfg = Release|Any CPU
		{69172FBE-1356-43B9-A002-3828009509AB}.Release|Mixed Platforms.Build.0 = Release|Any CPU
		{69172FBE-1356-43B9-A002-3828009509AB}.Release|x86.ActiveCfg = Release|Any CPU
		{257AC1FF-EDB3-4BD4-ABB3-17A0269EBDD2}.Debug|Any CPU.ActiveCfg = Debug|Any CPU
		{257AC1FF-EDB3-4BD4-ABB3-17A0269EBDD2}.Debug|Any CPU.Build.0 = Debug|Any CPU
		{257AC1FF-EDB3-4BD4-ABB3-17A0269EBDD2}.Debug|Mixed Platforms.ActiveCfg = Debug|Any CPU
		{257AC1FF-EDB3-4BD4-ABB3-17A0269EBDD2}.Debug|Mixed Platforms.Build.0 = Debug|Any CPU
		{257AC1FF-EDB3-4BD4-ABB3-17A0269EBDD2}.Debug|x86.ActiveCfg = Debug|Any CPU
		{257AC1FF-EDB3-4BD4-ABB3-17A0269EBDD2}.Release|Any CPU.ActiveCfg = Release|Any CPU
		{257AC1FF-EDB3-4BD4-ABB3-17A0269EBDD2}.Release|Any CPU.Build.0 = Release|Any CPU
		{257AC1FF-EDB3-4BD4-ABB3-17A0269EBDD2}.Release|Mixed Platforms.ActiveCfg = Release|Any CPU
		{257AC1FF-EDB3-4BD4-ABB3-17A0269EBDD2}.Release|Mixed Platforms.Build.0 = Release|Any CPU
		{257AC1FF-EDB3-4BD4-ABB3-17A0269EBDD2}.Release|x86.ActiveCfg = Release|Any CPU
		{9E76C812-99BA-49BD-96CD-6608EE37371B}.Debug|Any CPU.ActiveCfg = Debug|Any CPU
		{9E76C812-99BA-49BD-96CD-6608EE37371B}.Debug|Any CPU.Build.0 = Debug|Any CPU
		{9E76C812-99BA-49BD-96CD-6608EE37371B}.Debug|Mixed Platforms.ActiveCfg = Debug|Any CPU
		{9E76C812-99BA-49BD-96CD-6608EE37371B}.Debug|Mixed Platforms.Build.0 = Debug|Any CPU
		{9E76C812-99BA-49BD-96CD-6608EE37371B}.Debug|x86.ActiveCfg = Debug|Any CPU
		{9E76C812-99BA-49BD-96CD-6608EE37371B}.Release|Any CPU.ActiveCfg = Release|Any CPU
		{9E76C812-99BA-49BD-96CD-6608EE37371B}.Release|Any CPU.Build.0 = Release|Any CPU
		{9E76C812-99BA-49BD-96CD-6608EE37371B}.Release|Mixed Platforms.ActiveCfg = Release|Any CPU
		{9E76C812-99BA-49BD-96CD-6608EE37371B}.Release|Mixed Platforms.Build.0 = Release|Any CPU
		{9E76C812-99BA-49BD-96CD-6608EE37371B}.Release|x86.ActiveCfg = Release|Any CPU
		{7459AD4B-BFF8-4C4B-B372-14056A4E10C5}.Debug|Any CPU.ActiveCfg = Debug|Any CPU
		{7459AD4B-BFF8-4C4B-B372-14056A4E10C5}.Debug|Any CPU.Build.0 = Debug|Any CPU
		{7459AD4B-BFF8-4C4B-B372-14056A4E10C5}.Debug|Mixed Platforms.ActiveCfg = Debug|Any CPU
		{7459AD4B-BFF8-4C4B-B372-14056A4E10C5}.Debug|Mixed Platforms.Build.0 = Debug|Any CPU
		{7459AD4B-BFF8-4C4B-B372-14056A4E10C5}.Debug|x86.ActiveCfg = Debug|Any CPU
		{7459AD4B-BFF8-4C4B-B372-14056A4E10C5}.Release|Any CPU.ActiveCfg = Release|Any CPU
		{7459AD4B-BFF8-4C4B-B372-14056A4E10C5}.Release|Any CPU.Build.0 = Release|Any CPU
		{7459AD4B-BFF8-4C4B-B372-14056A4E10C5}.Release|Mixed Platforms.ActiveCfg = Release|Any CPU
		{7459AD4B-BFF8-4C4B-B372-14056A4E10C5}.Release|Mixed Platforms.Build.0 = Release|Any CPU
		{7459AD4B-BFF8-4C4B-B372-14056A4E10C5}.Release|x86.ActiveCfg = Release|Any CPU
		{2076AF41-49F1-4C46-AF54-B21ED42B07C3}.Debug|Any CPU.ActiveCfg = Debug|Any CPU
		{2076AF41-49F1-4C46-AF54-B21ED42B07C3}.Debug|Any CPU.Build.0 = Debug|Any CPU
		{2076AF41-49F1-4C46-AF54-B21ED42B07C3}.Debug|Mixed Platforms.ActiveCfg = Debug|Any CPU
		{2076AF41-49F1-4C46-AF54-B21ED42B07C3}.Debug|Mixed Platforms.Build.0 = Debug|Any CPU
		{2076AF41-49F1-4C46-AF54-B21ED42B07C3}.Debug|x86.ActiveCfg = Debug|Any CPU
		{2076AF41-49F1-4C46-AF54-B21ED42B07C3}.Release|Any CPU.ActiveCfg = Release|Any CPU
		{2076AF41-49F1-4C46-AF54-B21ED42B07C3}.Release|Any CPU.Build.0 = Release|Any CPU
		{2076AF41-49F1-4C46-AF54-B21ED42B07C3}.Release|Mixed Platforms.ActiveCfg = Release|Any CPU
		{2076AF41-49F1-4C46-AF54-B21ED42B07C3}.Release|Mixed Platforms.Build.0 = Release|Any CPU
		{2076AF41-49F1-4C46-AF54-B21ED42B07C3}.Release|x86.ActiveCfg = Release|Any CPU
	EndGlobalSection
	GlobalSection(SolutionProperties) = preSolution
		HideSolutionNode = FALSE
	EndGlobalSection
	GlobalSection(NestedProjects) = preSolution
		{001B2957-AE36-4870-BB76-2C7AF663A040} = {D7315124-9436-4D10-9546-2E16C1BA6517}
		{547B9D48-7C01-4D0D-9B84-C791DB9E31C8} = {D7315124-9436-4D10-9546-2E16C1BA6517}
		{F2D5E614-DA62-4075-80CE-A47DD00F6A1C} = {D7315124-9436-4D10-9546-2E16C1BA6517}
		{9B7F3CC7-6C21-4EE4-8FAB-AD62C17DCD1E} = {F413892C-6707-4060-AE09-B784FFA70D6B}
		{AA90ABC5-A233-40FC-A1D0-DC1DED2431BB} = {F413892C-6707-4060-AE09-B784FFA70D6B}
		{FCBEFBBD-AD47-4C0C-8A56-773B0B328EDD} = {0764FCE0-47BA-45AE-A02F-0E89BDFE1F95}
		{1B28E716-BD3F-403B-835B-076C5A788558} = {0764FCE0-47BA-45AE-A02F-0E89BDFE1F95}
		{CC7DBD2D-66C0-4155-BDDB-2D153C23788B} = {0764FCE0-47BA-45AE-A02F-0E89BDFE1F95}
		{2076AF41-49F1-4C46-AF54-B21ED42B07C3} = {0764FCE0-47BA-45AE-A02F-0E89BDFE1F95}
		{12D162B3-1ED8-4854-A7F0-C68EE94B8317} = {139C7F94-FEBA-42E4-99DF-F3C587A1A1D9}
		{C3EC8BE0-F643-4126-9CE6-DEB029AE1564} = {139C7F94-FEBA-42E4-99DF-F3C587A1A1D9}
		{03CC033D-9676-4B82-B785-BBA9F8CAE38B} = {2E3A39E4-C0B4-426B-81D5-396210B3E5C8}
		{69172FBE-1356-43B9-A002-3828009509AB} = {2E3A39E4-C0B4-426B-81D5-396210B3E5C8}
		{257AC1FF-EDB3-4BD4-ABB3-17A0269EBDD2} = {2E3A39E4-C0B4-426B-81D5-396210B3E5C8}
		{9E76C812-99BA-49BD-96CD-6608EE37371B} = {2E3A39E4-C0B4-426B-81D5-396210B3E5C8}
		{7459AD4B-BFF8-4C4B-B372-14056A4E10C5} = {2E3A39E4-C0B4-426B-81D5-396210B3E5C8}
	EndGlobalSection
EndGlobal
