
Microsoft Visual Studio Solution File, Format Version 12.00
# Visual Studio 2012
Project("{2150E333-8FDC-42A3-9474-1A3956D46DE8}") = "Library", "Library", "{DF8C2E48-7DE6-4B6B-BED2-49108704970F}"
EndProject
Project("{2150E333-8FDC-42A3-9474-1A3956D46DE8}") = "Common", "Common", "{AB40EA61-7C83-46BA-BB88-A42DE3DC675C}"
EndProject
Project("{2150E333-8FDC-42A3-9474-1A3956D46DE8}") = "Api", "Api", "{31F0CE15-73BE-455D-A252-D3D59249D757}"
EndProject
Project("{2150E333-8FDC-42A3-9474-1A3956D46DE8}") = "Scripts", "Scripts", "{95A2E6D1-2BCC-4865-821D-9AF521B231D6}"
EndProject
Project("{2150E333-8FDC-42A3-9474-1A3956D46DE8}") = "Host", "Host", "{237FA67E-9CF7-49E2-BCC9-066BDBB71E40}"
EndProject
Project("{FAE04EC0-301F-11D3-BF4B-00C04F79EFBC}") = "ScriptHost", "Host\ScriptHost\ScriptHost.csproj", "{89A953B5-D558-4F6F-95EE-A11A85BA8C22}"
EndProject
Project("{2150E333-8FDC-42A3-9474-1A3956D46DE8}") = "Common", "Common", "{5F7E2B3E-50E7-4208-A84C-3EF4F67D8ADB}"
EndProject
Project("{FAE04EC0-301F-11D3-BF4B-00C04F79EFBC}") = "TestData", "Common\TestData\TestData.csproj", "{F463BF99-E570-46DE-A384-FE533482558D}"
EndProject
Project("{FAE04EC0-301F-11D3-BF4B-00C04F79EFBC}") = "Library", "Common\Library\Library.csproj", "{77D960FE-076D-413F-8EBF-7255E80DCC67}"
EndProject
Project("{FAE04EC0-301F-11D3-BF4B-00C04F79EFBC}") = "Mento.TestApi.TestData", "..\..\App\Src\Api\Mento.TestApi.TestData\Mento.TestApi.TestData.csproj", "{2076AF41-49F1-4C46-AF54-B21ED42B07C3}"
EndProject
Project("{FAE04EC0-301F-11D3-BF4B-00C04F79EFBC}") = "Mento.TestApi.WebUserInterface", "..\..\App\Src\Api\Mento.TestApi.WebUserInterface\Mento.TestApi.WebUserInterface.csproj", "{FCBEFBBD-AD47-4C0C-8A56-773B0B328EDD}"
EndProject
Project("{FAE04EC0-301F-11D3-BF4B-00C04F79EFBC}") = "Mento.Framework", "..\..\App\Src\Common\Mento.Framework\Mento.Framework.csproj", "{12D162B3-1ED8-4854-A7F0-C68EE94B8317}"
EndProject
Project("{FAE04EC0-301F-11D3-BF4B-00C04F79EFBC}") = "Mento.Utility", "..\..\App\Src\Common\Mento.Utility\Mento.Utility.csproj", "{C3EC8BE0-F643-4126-9CE6-DEB029AE1564}"
EndProject
Project("{FAE04EC0-301F-11D3-BF4B-00C04F79EFBC}") = "TestScript", "Scripts\TestScript\TestScript.csproj", "{870C5F7B-859F-44DD-ADD5-79EFFF60D85A}"
EndProject
Global
	GlobalSection(TeamFoundationVersionControl) = preSolution
		SccNumberOfProjects = 9
		SccEnterpriseProvider = {4CA58AB2-18FA-4F8D-95D4-32DDF27D184C}
		SccTeamFoundationServer = http://10.177.1.111:8080/tfs/kara
		SccLocalPath0 = .
		SccProjectUniqueName1 = ..\\..\\App\\Src\\Api\\Mento.TestApi.TestData\\Mento.TestApi.TestData.csproj
		SccProjectTopLevelParentUniqueName1 = SmokeTest.sln
		SccProjectName1 = ../../App/Src/Api/Mento.TestApi.TestData
		SccLocalPath1 = ..\\..\\App\\Src\\Api\\Mento.TestApi.TestData
		SccProjectUniqueName2 = ..\\..\\App\\Src\\Api\\Mento.TestApi.WebUserInterface\\Mento.TestApi.WebUserInterface.csproj
		SccProjectTopLevelParentUniqueName2 = SmokeTest.sln
		SccProjectName2 = ../../App/Src/Api/Mento.TestApi.WebUserInterface
		SccLocalPath2 = ..\\..\\App\\Src\\Api\\Mento.TestApi.WebUserInterface
		SccProjectUniqueName3 = ..\\..\\App\\Src\\Common\\Mento.Framework\\Mento.Framework.csproj
		SccProjectTopLevelParentUniqueName3 = SmokeTest.sln
		SccProjectName3 = ../../App/Src/Common/Mento.Framework
		SccLocalPath3 = ..\\..\\App\\Src\\Common\\Mento.Framework
		SccProjectUniqueName4 = ..\\..\\App\\Src\\Common\\Mento.Utility\\Mento.Utility.csproj
		SccProjectTopLevelParentUniqueName4 = SmokeTest.sln
		SccProjectName4 = ../../App/Src/Common/Mento.Utility
		SccLocalPath4 = ..\\..\\App\\Src\\Common\\Mento.Utility
		SccProjectUniqueName5 = Common\\Library\\Library.csproj
		SccProjectTopLevelParentUniqueName5 = SmokeTest.sln
		SccProjectName5 = Common/Library
		SccLocalPath5 = Common\\Library
		SccProjectUniqueName6 = Common\\TestData\\TestData.csproj
		SccProjectTopLevelParentUniqueName6 = SmokeTest.sln
		SccProjectName6 = Common/TestData
		SccLocalPath6 = Common\\TestData
		SccProjectUniqueName7 = Host\\ScriptHost\\ScriptHost.csproj
		SccProjectTopLevelParentUniqueName7 = SmokeTest.sln
		SccProjectName7 = Host/ScriptHost
		SccLocalPath7 = Host\\ScriptHost
		SccProjectUniqueName8 = Scripts\\TestScript\\TestScript.csproj
		SccProjectTopLevelParentUniqueName8 = SmokeTest.sln
		SccProjectName8 = Scripts/TestScript
		SccLocalPath8 = Scripts\\TestScript
	EndGlobalSection
	GlobalSection(SolutionConfigurationPlatforms) = preSolution
		Debug|Any CPU = Debug|Any CPU
		Debug|Mixed Platforms = Debug|Mixed Platforms
		Debug|x86 = Debug|x86
		Release|Any CPU = Release|Any CPU
		Release|Mixed Platforms = Release|Mixed Platforms
		Release|x86 = Release|x86
	EndGlobalSection
	GlobalSection(ProjectConfigurationPlatforms) = postSolution
		{89A953B5-D558-4F6F-95EE-A11A85BA8C22}.Debug|Any CPU.ActiveCfg = Debug|x86
		{89A953B5-D558-4F6F-95EE-A11A85BA8C22}.Debug|Mixed Platforms.ActiveCfg = Debug|Any CPU
		{89A953B5-D558-4F6F-95EE-A11A85BA8C22}.Debug|Mixed Platforms.Build.0 = Debug|Any CPU
		{89A953B5-D558-4F6F-95EE-A11A85BA8C22}.Debug|x86.ActiveCfg = Debug|x86
		{89A953B5-D558-4F6F-95EE-A11A85BA8C22}.Debug|x86.Build.0 = Debug|x86
		{89A953B5-D558-4F6F-95EE-A11A85BA8C22}.Release|Any CPU.ActiveCfg = Release|x86
		{89A953B5-D558-4F6F-95EE-A11A85BA8C22}.Release|Mixed Platforms.ActiveCfg = Release|x86
		{89A953B5-D558-4F6F-95EE-A11A85BA8C22}.Release|Mixed Platforms.Build.0 = Release|x86
		{89A953B5-D558-4F6F-95EE-A11A85BA8C22}.Release|x86.ActiveCfg = Release|x86
		{89A953B5-D558-4F6F-95EE-A11A85BA8C22}.Release|x86.Build.0 = Release|x86
		{F463BF99-E570-46DE-A384-FE533482558D}.Debug|Any CPU.ActiveCfg = Debug|Any CPU
		{F463BF99-E570-46DE-A384-FE533482558D}.Debug|Any CPU.Build.0 = Debug|Any CPU
		{F463BF99-E570-46DE-A384-FE533482558D}.Debug|Mixed Platforms.ActiveCfg = Debug|Any CPU
		{F463BF99-E570-46DE-A384-FE533482558D}.Debug|Mixed Platforms.Build.0 = Debug|Any CPU
		{F463BF99-E570-46DE-A384-FE533482558D}.Debug|x86.ActiveCfg = Debug|Any CPU
		{F463BF99-E570-46DE-A384-FE533482558D}.Release|Any CPU.ActiveCfg = Release|Any CPU
		{F463BF99-E570-46DE-A384-FE533482558D}.Release|Any CPU.Build.0 = Release|Any CPU
		{F463BF99-E570-46DE-A384-FE533482558D}.Release|Mixed Platforms.ActiveCfg = Release|Any CPU
		{F463BF99-E570-46DE-A384-FE533482558D}.Release|Mixed Platforms.Build.0 = Release|Any CPU
		{F463BF99-E570-46DE-A384-FE533482558D}.Release|x86.ActiveCfg = Release|Any CPU
		{77D960FE-076D-413F-8EBF-7255E80DCC67}.Debug|Any CPU.ActiveCfg = Debug|Any CPU
		{77D960FE-076D-413F-8EBF-7255E80DCC67}.Debug|Any CPU.Build.0 = Debug|Any CPU
		{77D960FE-076D-413F-8EBF-7255E80DCC67}.Debug|Mixed Platforms.ActiveCfg = Debug|Any CPU
		{77D960FE-076D-413F-8EBF-7255E80DCC67}.Debug|Mixed Platforms.Build.0 = Debug|Any CPU
		{77D960FE-076D-413F-8EBF-7255E80DCC67}.Debug|x86.ActiveCfg = Debug|Any CPU
		{77D960FE-076D-413F-8EBF-7255E80DCC67}.Release|Any CPU.ActiveCfg = Release|Any CPU
		{77D960FE-076D-413F-8EBF-7255E80DCC67}.Release|Any CPU.Build.0 = Release|Any CPU
		{77D960FE-076D-413F-8EBF-7255E80DCC67}.Release|Mixed Platforms.ActiveCfg = Release|Any CPU
		{77D960FE-076D-413F-8EBF-7255E80DCC67}.Release|Mixed Platforms.Build.0 = Release|Any CPU
		{77D960FE-076D-413F-8EBF-7255E80DCC67}.Release|x86.ActiveCfg = Release|Any CPU
		{2076AF41-49F1-4C46-AF54-B21ED42B07C3}.Debug|Any CPU.ActiveCfg = Debug|Any CPU
		{2076AF41-49F1-4C46-AF54-B21ED42B07C3}.Debug|Any CPU.Build.0 = Debug|Any CPU
		{2076AF41-49F1-4C46-AF54-B21ED42B07C3}.Debug|Mixed Platforms.ActiveCfg = Debug|Any CPU
		{2076AF41-49F1-4C46-AF54-B21ED42B07C3}.Debug|Mixed Platforms.Build.0 = Debug|Any CPU
		{2076AF41-49F1-4C46-AF54-B21ED42B07C3}.Debug|x86.ActiveCfg = Debug|Any CPU
		{2076AF41-49F1-4C46-AF54-B21ED42B07C3}.Release|Any CPU.ActiveCfg = Release|Any CPU
		{2076AF41-49F1-4C46-AF54-B21ED42B07C3}.Release|Any CPU.Build.0 = Release|Any CPU
		{2076AF41-49F1-4C46-AF54-B21ED42B07C3}.Release|Mixed Platforms.ActiveCfg = Release|Any CPU
		{2076AF41-49F1-4C46-AF54-B21ED42B07C3}.Release|Mixed Platforms.Build.0 = Release|Any CPU
		{2076AF41-49F1-4C46-AF54-B21ED42B07C3}.Release|x86.ActiveCfg = Release|Any CPU
		{FCBEFBBD-AD47-4C0C-8A56-773B0B328EDD}.Debug|Any CPU.ActiveCfg = Debug|Any CPU
		{FCBEFBBD-AD47-4C0C-8A56-773B0B328EDD}.Debug|Any CPU.Build.0 = Debug|Any CPU
		{FCBEFBBD-AD47-4C0C-8A56-773B0B328EDD}.Debug|Mixed Platforms.ActiveCfg = Debug|Any CPU
		{FCBEFBBD-AD47-4C0C-8A56-773B0B328EDD}.Debug|Mixed Platforms.Build.0 = Debug|Any CPU
		{FCBEFBBD-AD47-4C0C-8A56-773B0B328EDD}.Debug|x86.ActiveCfg = Debug|Any CPU
		{FCBEFBBD-AD47-4C0C-8A56-773B0B328EDD}.Release|Any CPU.ActiveCfg = Release|Any CPU
		{FCBEFBBD-AD47-4C0C-8A56-773B0B328EDD}.Release|Any CPU.Build.0 = Release|Any CPU
		{FCBEFBBD-AD47-4C0C-8A56-773B0B328EDD}.Release|Mixed Platforms.ActiveCfg = Release|Any CPU
		{FCBEFBBD-AD47-4C0C-8A56-773B0B328EDD}.Release|Mixed Platforms.Build.0 = Release|Any CPU
		{FCBEFBBD-AD47-4C0C-8A56-773B0B328EDD}.Release|x86.ActiveCfg = Release|Any CPU
		{12D162B3-1ED8-4854-A7F0-C68EE94B8317}.Debug|Any CPU.ActiveCfg = Debug|Any CPU
		{12D162B3-1ED8-4854-A7F0-C68EE94B8317}.Debug|Any CPU.Build.0 = Debug|Any CPU
		{12D162B3-1ED8-4854-A7F0-C68EE94B8317}.Debug|Mixed Platforms.ActiveCfg = Debug|Any CPU
		{12D162B3-1ED8-4854-A7F0-C68EE94B8317}.Debug|Mixed Platforms.Build.0 = Debug|Any CPU
		{12D162B3-1ED8-4854-A7F0-C68EE94B8317}.Debug|x86.ActiveCfg = Debug|Any CPU
		{12D162B3-1ED8-4854-A7F0-C68EE94B8317}.Release|Any CPU.ActiveCfg = Release|Any CPU
		{12D162B3-1ED8-4854-A7F0-C68EE94B8317}.Release|Any CPU.Build.0 = Release|Any CPU
		{12D162B3-1ED8-4854-A7F0-C68EE94B8317}.Release|Mixed Platforms.ActiveCfg = Release|Any CPU
		{12D162B3-1ED8-4854-A7F0-C68EE94B8317}.Release|Mixed Platforms.Build.0 = Release|Any CPU
		{12D162B3-1ED8-4854-A7F0-C68EE94B8317}.Release|x86.ActiveCfg = Release|Any CPU
		{C3EC8BE0-F643-4126-9CE6-DEB029AE1564}.Debug|Any CPU.ActiveCfg = Debug|Any CPU
		{C3EC8BE0-F643-4126-9CE6-DEB029AE1564}.Debug|Any CPU.Build.0 = Debug|Any CPU
		{C3EC8BE0-F643-4126-9CE6-DEB029AE1564}.Debug|Mixed Platforms.ActiveCfg = Debug|Any CPU
		{C3EC8BE0-F643-4126-9CE6-DEB029AE1564}.Debug|Mixed Platforms.Build.0 = Debug|Any CPU
		{C3EC8BE0-F643-4126-9CE6-DEB029AE1564}.Debug|x86.ActiveCfg = Debug|Any CPU
		{C3EC8BE0-F643-4126-9CE6-DEB029AE1564}.Release|Any CPU.ActiveCfg = Release|Any CPU
		{C3EC8BE0-F643-4126-9CE6-DEB029AE1564}.Release|Any CPU.Build.0 = Release|Any CPU
		{C3EC8BE0-F643-4126-9CE6-DEB029AE1564}.Release|Mixed Platforms.ActiveCfg = Release|Any CPU
		{C3EC8BE0-F643-4126-9CE6-DEB029AE1564}.Release|Mixed Platforms.Build.0 = Release|Any CPU
		{C3EC8BE0-F643-4126-9CE6-DEB029AE1564}.Release|x86.ActiveCfg = Release|Any CPU
		{870C5F7B-859F-44DD-ADD5-79EFFF60D85A}.Debug|Any CPU.ActiveCfg = Debug|Any CPU
		{870C5F7B-859F-44DD-ADD5-79EFFF60D85A}.Debug|Any CPU.Build.0 = Debug|Any CPU
		{870C5F7B-859F-44DD-ADD5-79EFFF60D85A}.Debug|Mixed Platforms.ActiveCfg = Debug|Any CPU
		{870C5F7B-859F-44DD-ADD5-79EFFF60D85A}.Debug|Mixed Platforms.Build.0 = Debug|Any CPU
		{870C5F7B-859F-44DD-ADD5-79EFFF60D85A}.Debug|x86.ActiveCfg = Debug|Any CPU
		{870C5F7B-859F-44DD-ADD5-79EFFF60D85A}.Release|Any CPU.ActiveCfg = Release|Any CPU
		{870C5F7B-859F-44DD-ADD5-79EFFF60D85A}.Release|Any CPU.Build.0 = Release|Any CPU
		{870C5F7B-859F-44DD-ADD5-79EFFF60D85A}.Release|Mixed Platforms.ActiveCfg = Release|Any CPU
		{870C5F7B-859F-44DD-ADD5-79EFFF60D85A}.Release|Mixed Platforms.Build.0 = Release|Any CPU
		{870C5F7B-859F-44DD-ADD5-79EFFF60D85A}.Release|x86.ActiveCfg = Release|Any CPU
	EndGlobalSection
	GlobalSection(SolutionProperties) = preSolution
		HideSolutionNode = FALSE
	EndGlobalSection
	GlobalSection(NestedProjects) = preSolution
		{870C5F7B-859F-44DD-ADD5-79EFFF60D85A} = {95A2E6D1-2BCC-4865-821D-9AF521B231D6}
		{AB40EA61-7C83-46BA-BB88-A42DE3DC675C} = {DF8C2E48-7DE6-4B6B-BED2-49108704970F}
		{31F0CE15-73BE-455D-A252-D3D59249D757} = {DF8C2E48-7DE6-4B6B-BED2-49108704970F}
		{12D162B3-1ED8-4854-A7F0-C68EE94B8317} = {AB40EA61-7C83-46BA-BB88-A42DE3DC675C}
		{C3EC8BE0-F643-4126-9CE6-DEB029AE1564} = {AB40EA61-7C83-46BA-BB88-A42DE3DC675C}
		{2076AF41-49F1-4C46-AF54-B21ED42B07C3} = {31F0CE15-73BE-455D-A252-D3D59249D757}
		{FCBEFBBD-AD47-4C0C-8A56-773B0B328EDD} = {31F0CE15-73BE-455D-A252-D3D59249D757}
		{89A953B5-D558-4F6F-95EE-A11A85BA8C22} = {237FA67E-9CF7-49E2-BCC9-066BDBB71E40}
		{F463BF99-E570-46DE-A384-FE533482558D} = {5F7E2B3E-50E7-4208-A84C-3EF4F67D8ADB}
		{77D960FE-076D-413F-8EBF-7255E80DCC67} = {5F7E2B3E-50E7-4208-A84C-3EF4F67D8ADB}
	EndGlobalSection
EndGlobal
